
Microsoft Visual Studio Solution File, Format Version 12.00
# Visual Studio 15
VisualStudioVersion = 15.0.27428.2027
MinimumVisualStudioVersion = 10.0.40219.1
Project("{FAE04EC0-301F-11D3-BF4B-00C04F79EFBC}") = "WebCrawler", "WebCrawler\WebCrawler.csproj", "{739D209B-F461-45DD-8705-2E5CCD517FCA}"
EndProject
Global
	GlobalSection(SolutionConfigurationPlatforms) = preSolution
		Debug|Any CPU = Debug|Any CPU
		Release|Any CPU = Release|Any CPU
	EndGlobalSection
	GlobalSection(ProjectConfigurationPlatforms) = postSolution
		{739D209B-F461-45DD-8705-2E5CCD517FCA}.Debug|Any CPU.ActiveCfg = Debug|Any CPU
		{739D209B-F461-45DD-8705-2E5CCD517FCA}.Debug|Any CPU.Build.0 = Debug|Any CPU
		{739D209B-F461-45DD-8705-2E5CCD517FCA}.Release|Any CPU.ActiveCfg = Release|Any CPU
		{739D209B-F461-45DD-8705-2E5CCD517FCA}.Release|Any CPU.Build.0 = Release|Any CPU
	EndGlobalSection
	GlobalSection(SolutionProperties) = preSolution
		HideSolutionNode = FALSE
	EndGlobalSection
	GlobalSection(ExtensibilityGlobals) = postSolution
		SolutionGuid = {3AAE75B4-9B0E-418A-8A54-ED77D10DFC9F}
	EndGlobalSection
EndGlobal
